
Microsoft Visual Studio Solution File, Format Version 12.00
# Visual Studio Version 17
VisualStudioVersion = 17.14.36408.4 d17.14
MinimumVisualStudioVersion = 10.0.40219.1
Project("{FAE04EC0-301F-11D3-BF4B-00C04F79EFBC}") = "Vowel", "Vowel.csproj", "{9420CE4D-BA07-4B6C-8F73-12FFCF5E7405}"
EndProject
Global
	GlobalSection(SolutionConfigurationPlatforms) = preSolution
		Debug|Any CPU = Debug|Any CPU
		Release|Any CPU = Release|Any CPU
	EndGlobalSection
	GlobalSection(ProjectConfigurationPlatforms) = postSolution
		{9420CE4D-BA07-4B6C-8F73-12FFCF5E7405}.Debug|Any CPU.ActiveCfg = Debug|Any CPU
		{9420CE4D-BA07-4B6C-8F73-12FFCF5E7405}.Debug|Any CPU.Build.0 = Debug|Any CPU
		{9420CE4D-BA07-4B6C-8F73-12FFCF5E7405}.Release|Any CPU.ActiveCfg = Release|Any CPU
		{9420CE4D-BA07-4B6C-8F73-12FFCF5E7405}.Release|Any CPU.Build.0 = Release|Any CPU
	EndGlobalSection
	GlobalSection(SolutionProperties) = preSolution
		HideSolutionNode = FALSE
	EndGlobalSection
	GlobalSection(ExtensibilityGlobals) = postSolution
		SolutionGuid = {960D6051-12FC-48C3-A825-81D1F8FF3D59}
	EndGlobalSection
EndGlobal
